<?xml version="1.0" encoding="utf-8"?>
<Project ToolsVersion="4.0" xmlns="http://schemas.microsoft.com/developer/msbuild/2003">
  <ItemGroup>
    <Filter Include="Source Files">
      <UniqueIdentifier>{4FC737F1-C7A5-4376-A066-2A32D752A2FF}</UniqueIdentifier>
      <Extensions>cpp;c;cc;cxx;def;odl;idl;hpj;bat;asm;asmx</Extensions>
    </Filter>
    <Filter Include="Other">
      <UniqueIdentifier>{f67ca3be-b0fb-4dee-9efe-b0ffa68c9ddb}</UniqueIdentifier>
    </Filter>
    <Filter Include="Engine">
      <UniqueIdentifier>{76508f1a-d4c9-40a5-b772-b016abd17c17}</UniqueIdentifier>
    </Filter>
    <Filter Include="Engine\OpenGL">
      <UniqueIdentifier>{17f9b646-abc4-41b1-8f5c-93205c0dcb92}</UniqueIdentifier>
    </Filter>
    <Filter Include="Engine\Sockets">
      <UniqueIdentifier>{bed3bf88-5dbd-4ded-b60f-efc092db7940}</UniqueIdentifier>
    </Filter>
    <Filter Include="Engine\Game">
      <UniqueIdentifier>{c2c7c236-6bd7-487c-aff4-4503e3a5e7a2}</UniqueIdentifier>
    </Filter>
  </ItemGroup>
  <ItemGroup>
    <ClCompile Include="main.cpp">
      <Filter>Source Files</Filter>
    </ClCompile>
    <ClCompile Include="display.cpp">
      <Filter>Engine\OpenGL</Filter>
    </ClCompile>
    <ClCompile Include="mesh.cpp">
      <Filter>Engine\OpenGL</Filter>
    </ClCompile>
    <ClCompile Include="texture.cpp">
      <Filter>Engine\OpenGL</Filter>
    </ClCompile>
    <ClCompile Include="obj_loader.cpp">
      <Filter>Engine\OpenGL</Filter>
    </ClCompile>
    <ClCompile Include="stb_image.cpp">
      <Filter>Engine\OpenGL</Filter>
    </ClCompile>
    <ClCompile Include="shader.cpp">
      <Filter>Engine\OpenGL</Filter>
    </ClCompile>
    <ClCompile Include="camera.cpp">
      <Filter>Engine\OpenGL</Filter>
    </ClCompile>
    <ClCompile Include="EZSockets.cpp">
      <Filter>Engine\Sockets</Filter>
    </ClCompile>
    <ClCompile Include="EZClient.cpp">
      <Filter>Engine\Sockets</Filter>
    </ClCompile>
    <ClCompile Include="EZServer.cpp">
      <Filter>Engine\Sockets</Filter>
    </ClCompile>
    <ClCompile Include="Image.cpp">
      <Filter>Engine\Game</Filter>
    </ClCompile>
    <ClCompile Include="Entity.cpp">
      <Filter>Engine\Game</Filter>
    </ClCompile>
    <ClCompile Include="Prop.cpp">
      <Filter>Engine\Game</Filter>
    </ClCompile>
    <ClCompile Include="Ambient.cpp">
      <Filter>Engine\Game</Filter>
    </ClCompile>
    <ClCompile Include="Console.cpp">
      <Filter>Other</Filter>
    </ClCompile>
    <ClCompile Include="Wall.cpp">
      <Filter>Engine\Game</Filter>
    </ClCompile>
    <ClCompile Include="Prism.cpp">
      <Filter>Engine\Game</Filter>
    </ClCompile>
    <ClCompile Include="Spotlight.cpp">
      <Filter>Engine\Game</Filter>
    </ClCompile>
    <ClCompile Include="Player.cpp">
      <Filter>Engine\Game</Filter>
    </ClCompile>
  </ItemGroup>
  <ItemGroup>
    <ClInclude Include="display.h">
      <Filter>Engine\OpenGL</Filter>
    </ClInclude>
    <ClInclude Include="mesh.h">
      <Filter>Engine\OpenGL</Filter>
    </ClInclude>
    <ClInclude Include="texture.h">
      <Filter>Engine\OpenGL</Filter>
    </ClInclude>
    <ClInclude Include="stb_image.h">
      <Filter>Engine\OpenGL</Filter>
    </ClInclude>
    <ClInclude Include="obj_loader.h">
      <Filter>Engine\OpenGL</Filter>
    </ClInclude>
    <ClInclude Include="shader.h">
      <Filter>Engine\OpenGL</Filter>
    </ClInclude>
    <ClInclude Include="camera.h">
      <Filter>Engine\OpenGL</Filter>
    </ClInclude>
    <ClInclude Include="transform.h">
      <Filter>Engine\OpenGL</Filter>
    </ClInclude>
    <ClInclude Include="EZSockets.h">
      <Filter>Engine\Sockets</Filter>
    </ClInclude>
    <ClInclude Include="EZClient.h">
      <Filter>Engine\Sockets</Filter>
    </ClInclude>
    <ClInclude Include="EZServer.h">
      <Filter>Engine\Sockets</Filter>
    </ClInclude>
    <ClInclude Include="Image.h">
      <Filter>Engine\Game</Filter>
    </ClInclude>
    <ClInclude Include="Entity.h">
      <Filter>Engine\Game</Filter>
    </ClInclude>
    <ClInclude Include="Prop.h">
      <Filter>Engine\Game</Filter>
    </ClInclude>
    <ClInclude Include="Ambient.h">
      <Filter>Engine\Game</Filter>
    </ClInclude>
    <ClInclude Include="Console.h">
      <Filter>Other</Filter>
    </ClInclude>
    <ClInclude Include="Wall.h">
      <Filter>Engine\Game</Filter>
    </ClInclude>
    <ClInclude Include="Prism.h">
      <Filter>Engine\Game</Filter>
    </ClInclude>
    <ClInclude Include="Spotlight.h">
      <Filter>Engine\Game</Filter>
    </ClInclude>
    <ClInclude Include="Sprite.h">
      <Filter>Engine\Game</Filter>
    </ClInclude>
    <ClInclude Include="Player.h">
      <Filter>Engine\Game</Filter>
    </ClInclude>
  </ItemGroup>
</Project>